
Microsoft Visual Studio Solution File, Format Version 12.00
# Visual Studio Version 17
VisualStudioVersion = 17.13.35931.197 d17.13
MinimumVisualStudioVersion = 10.0.40219.1
Project("{FAE04EC0-301F-11D3-BF4B-00C04F79EFBC}") = "Calculadora", "Calculadora.csproj", "{07074247-5E35-4FD7-9E98-40EF78112B4D}"
EndProject
Global
	GlobalSection(SolutionConfigurationPlatforms) = preSolution
		Debug|Any CPU = Debug|Any CPU
		Release|Any CPU = Release|Any CPU
	EndGlobalSection
	GlobalSection(ProjectConfigurationPlatforms) = postSolution
		{07074247-5E35-4FD7-9E98-40EF78112B4D}.Debug|Any CPU.ActiveCfg = Debug|Any CPU
		{07074247-5E35-4FD7-9E98-40EF78112B4D}.Debug|Any CPU.Build.0 = Debug|Any CPU
		{07074247-5E35-4FD7-9E98-40EF78112B4D}.Release|Any CPU.ActiveCfg = Release|Any CPU
		{07074247-5E35-4FD7-9E98-40EF78112B4D}.Release|Any CPU.Build.0 = Release|Any CPU
	EndGlobalSection
	GlobalSection(SolutionProperties) = preSolution
		HideSolutionNode = FALSE
	EndGlobalSection
	GlobalSection(ExtensibilityGlobals) = postSolution
		SolutionGuid = {F7236D57-ABE4-4A49-B067-5F078C4CD825}
	EndGlobalSection
EndGlobal
